lockfileVersion: '9.0'

settings:
  autoInstallPeers: true
  excludeLinksFromLockfile: false

importers:

  .:
    devDependencies:
      '@types/node':
        specifier: 22.20.5
        version: 22.20.5
      typescript:
        specifier: 5.9.3
        version: 5.9.3

  packages/app:
    dependencies:
      '@hitchhiker/engine':
        specifier: workspace:*
        version: link:../engine
      '@theatre/core':
        specifier: 0.7.2
        version: 0.7.2
      animejs:
        specifier: 4.5.0
        version: 4.5.0(@types/three@0.186.0)(three@0.186.0)
      gsap:
        specifier: 3.15.0
        version: 3.15.0
      lenis:
        specifier: 1.3.26
        version: 1.3.26
      motion:
        specifier: 14.0.0
        version: 14.0.0
      ogl:
        specifier: 1.0.11
        version: 1.0.11
      three:
        specifier: 0.186.0
        version: 0.186.0
    devDependencies:
      '@playwright/test':
        specifier: 1.63.0
        version: 1.63.0
      '@types/three':
        specifier: 0.186.0
        version: 0.186.0
      opentype.js:
        specifier: 2.0.0
        version: 2.0.0

  packages/assets:
    dependencies:
      '@hitchhiker/engine':
        specifier: workspace:*
        version: link:../engine

  packages/cli:
    dependencies:
      '@hitchhiker/engine':
        specifier: workspace:*
        version: link:../engine

  packages/crawler: {}

  packages/deploy:
    dependencies:
      '@hitchhiker/engine':
        specifier: workspace:*
        version: link:../engine

  packages/engine:
    dependencies:
      pdfjs-dist:
        specifier: 5.4.530
        version: 5.4.530

  packages/grok-plugin: {}

  packages/knowledge: {}

  packages/orchestrator:
    dependencies:
      '@hitchhiker/engine':
        specifier: workspace:*
        version: link:../engine

  packages/qa:
    dependencies:
      '@hitchhiker/engine':
        specifier: workspace:*
        version: link:../engine

  packages/templates: {}

  packages/voice: {}

packages:

  '@dimforge/rapier3d-compat@0.12.0':
    resolution: {integrity: sha512-uekIGetywIgopfD97oDL5PfeezkFpNhwlzlaEYNOA0N6ghdsOvh/HYjSMek5Q2O1PYvRSDFcqFVJl4r4ZBwOow==}

  '@napi-rs/canvas-android-arm64@0.1.100':
    resolution: {integrity: sha512-hjhCKhntPv9+t4ckHymdx0phYNcVW+GKQR6Lzw2zE+pOVjOplSmtx9nNNknTjbEDLcuLZqA1y8ufKg1XfgftzQ==}
    engines: {node: '>= 10'}
    cpu: [arm64]
    os: [android]

  '@napi-rs/canvas-darwin-arm64@0.1.100':
    resolution: {integrity: sha512-2PcswRaC7Ly645DGt88///zuFDhJxJYdKAs1uU3mfk1atYkXufgcgLfBpk6Tm12nCQBaNt1wpybuPZ4qOhTo8A==}
    engines: {node: '>= 10'}
    cpu: [arm64]
    os: [darwin]

  '@napi-rs/canvas-darwin-x64@0.1.100':
    resolution: {integrity: sha512-ePNZtj7pNIva/siZMg+HmbeozkIjqUIYdoymH8HaA3qK7LfzFN4WMBM8G6HQ9ZC+H3+Dnn5pqtiXpgLykaPOhw==}
    engines: {node: '>= 10'}
    cpu: [x64]
    os: [darwin]

  '@napi-rs/canvas-linux-arm-gnueabihf@0.1.100':
    resolution: {integrity: sha512-d5cDB48oWFGU8/XPhUOFAlySgb/VAu7D+s8fi55K1Pcfg8aPplHWqMgibhVLU8ky7Pyg/fuiVLz4Nf3JrSTuUA==}
    engines: {node: '>= 10'}
    cpu: [arm]
    os: [linux]

  '@napi-rs/canvas-linux-arm64-gnu@0.1.100':
    resolution: {integrity: sha512-rDxgxRu69RvDlX/bh9o22DxLsGr8EqsNgotL9+RwQE1S0b0cqeatqsw6aW45mukm0B42DIAaAacKaYQ8cqS1nw==}
    engines: {node: '>= 10'}
    cpu: [arm64]
    os: [linux]
    libc: [glibc]

  '@napi-rs/canvas-linux-arm64-musl@0.1.100':
    resolution: {integrity: sha512-K3mDW66N+xT2/V439u1alFANiBUjdEx2gLiNYnCmUsva5jZMxWTjafBYwTzYK+EMFMHrUoabuU+T1BIP5CgbYQ==}
    engines: {node: '>= 10'}
    cpu: [arm64]
    os: [linux]
    libc: [musl]

  '@napi-rs/canvas-linux-riscv64-gnu@0.1.100':
    resolution: {integrity: sha512-mooqUBTIsccZpnoQC4NgrC1v6C1vof39etLNMnBwCY+p0gajWJvAHLGQ6g/gGyS5YrpDW+GefSN4+Cvcr08UWw==}
    engines: {node: '>= 10'}
    cpu: [riscv64]
    os: [linux]
    libc: [glibc]

  '@napi-rs/canvas-linux-x64-gnu@0.1.100':
    resolution: {integrity: sha512-1eCvkDCazm7FFhsT7DfGOdSaHgZVK3bt/dSBl5EWHOWmnz+I7j8tPseJqqD81NF+MH21jKUK4wQSDjN0mdhnTg==}
    engines: {node: '>= 10'}
    cpu: [x64]
    os: [linux]
    libc: [glibc]

  '@napi-rs/canvas-linux-x64-musl@0.1.100':
    resolution: {integrity: sha512-20arT6lnI19S68qNlii73TSEDbECNgzMz2EpldC1V3mZFuRkeujXkcebRk0LRJe9SEUAooYiLokfMViY8IX7yA==}
    engines: {node: '>= 10'}
    cpu: [x64]
    os: [linux]
    libc: [musl]

  '@napi-rs/canvas-win32-arm64-msvc@0.1.100':
    resolution: {integrity: sha512-DZFFT1wIAg37LJw37yhMRFfjATd3vTQzjZ1Yki8u2vhO6Hi5VE6BVaGQ1aaDu7xb4iMErz+9EOwjpS7xcxFeBw==}
    engines: {node: '>= 10'}
    cpu: [arm64]
    os: [win32]

  '@napi-rs/canvas-win32-x64-msvc@0.1.100':
    resolution: {integrity: sha512-MyT1j3mHC2+Lu4pBi9mKyMJhtP6U7k7EldY7sj/uS5gJA65gTXt8MefJQXLJo5d/vZbuWmfxzkEUNc/urV3pHA==}
    engines: {node: '>= 10'}
    cpu: [x64]
    os: [win32]

  '@napi-rs/canvas@0.1.100':
    resolution: {integrity: sha512-xglYA6q3XO5P3BNJYxVZ1IV7DLVjp1Py6nwag88YntrS+3vKHyYcMqXVS4ZztJmwz2uGvz1FWhI/4LgbR5uQDA==}
    engines: {node: '>= 10'}

  '@playwright/test@1.63.0':
    resolution: {integrity: sha512-oxMK4vllB9RK5NQ2l1pq1IfOf2AvnEuj/vYGDj0H2nMtmtZpKtCwt/l00GEO6xjGfpBNAvjovvYdCm50dRQkpQ==}
    engines: {node: '>=20'}
    hasBin: true

  '@theatre/core@0.7.2':
    resolution: {integrity: sha512-IDQa/6WY7mIJAtsSd4EgNcM0IUZkl+FrqZ8DdYiCVTFap9ARDNmrngJOeFjJOsnnaHlc5GdEB/jj7fsjbIrAzQ==}

  '@theatre/dataverse@0.7.2':
    resolution: {integrity: sha512-YyfoyX7EyhFUY2OM5fsM0LPrs1SdgLwpiTMkkvTIoZLdOwvQhstjYq4Yz/8ZncJlRoTWvakfmgvCaBN+QuBYxg==}

  '@tweenjs/tween.js@23.1.3':
    resolution: {integrity: sha512-vJmvvwFxYuGnF2axRtPYocag6Clbb5YS7kLL+SO/TeVFzHqDIWrNKYtcsPMibjDx9O+bu+psAy9NKfWklassUA==}

  '@types/node@22.20.5':
    resolution: {integrity: sha512-U2+DNr+wSjpsTS/wZGYHq7GcwfuSmKiKvoPvK22zwTlRhU91yOniN4qRR5KhIjvif7ysw/dz/hKmfDH0Ris4aA==}

  '@types/stats.js@0.17.4':
    resolution: {integrity: sha512-jIBvWWShCvlBqBNIZt0KAshWpvSjhkwkEu4ZUcASoAvhmrgAUI2t1dXrjSL4xXVLB4FznPrIsX3nKXFl/Dt4vA==}

  '@types/three@0.186.0':
    resolution: {integrity: sha512-mxYSBpDC+D0pLfSP6sW4WZTcT+nrtmZcimMqnVmy36Hte3XpeYSrvgg4TRdaM1GemGog1AWzI5qL2VoIfMXbJQ==}

  '@types/webxr@0.5.24':
    resolution: {integrity: sha512-h8fgEd/DpoS9CBrjEQXR+dIDraopAEfu4wYVNY2tEPwk60stPWhvZMf4Foo5FakuQ7HFZoa8WceaWFervK2Ovg==}

  animejs@4.5.0:
    resolution: {integrity: sha512-NQimYX+lz8WaXonGS9zVVoviCIAjONeJayxacUditaivYLqyXgGjFKjuyl0aUUhFKm5MriX9ty1TGovNzoJQWA==}
    peerDependencies:
      '@types/three': '>=0.150.0'
      three: '>=0.150.0'
    peerDependenciesMeta:
      '@types/three':
        optional: true
      three:
        optional: true

  fflate@0.8.3:
    resolution: {integrity: sha512-tbZNuJrLwGUp3zshBtdy4W+ORxZuIh8a5ilyIEQDC5rY1f3U20JMry0Ll3WBzU58EZKsEuJFXhb5gwv8CsPvgA==}

  framer-motion@14.0.0:
    resolution: {integrity: sha512-QAtHmybrDFSliyW1sexMtSQTQd+1jw2ajibEmzpuI4XdPVzQkn+dAzJMm2sW3pl9MJuSS4xN51djQ7huhlP/VA==}
    peerDependencies:
      react: ^18.0.0 || ^19.0.0
      react-dom: ^18.0.0 || ^19.0.0
    peerDependenciesMeta:
      react:
        optional: true
      react-dom:
        optional: true

  gsap@3.15.0:
    resolution: {integrity: sha512-dMW4CWBTUK1AEEDeZc1g4xpPGIrSf9fJF960qbTZmN/QwZIWY5wgliS6JWl9/25fpTGJrMRtSjGtOmPnfjZB+A==}

  lenis@1.3.26:
    resolution: {integrity: sha512-s/xTCZCxTFvHbAN1OzuhNaN5YPJH2ail0XAkctKW1b+RUAG4nUL5UHLXwNko1h8aEeT2jspBXegMgPJd8zcuag==}
    peerDependencies:
      '@nuxt/kit': '>=3.0.0'
      react: '>=17.0.0'
      vue: '>=3.0.0'
    peerDependenciesMeta:
      '@nuxt/kit':
        optional: true
      react:
        optional: true
      vue:
        optional: true

  lodash-es@4.18.1:
    resolution: {integrity: sha512-J8xewKD/Gk22OZbhpOVSwcs60zhd95ESDwezOFuA3/099925PdHJ7OFHNTGtajL3AlZkykD32HykiMo+BIBI8A==}

  meshoptimizer@1.1.1:
    resolution: {integrity: sha512-oRFNWJRDA/WTrVj7NWvqa5HqE1t9MYDj2VaWirQCzCCrAd2GHrqR/sQezCxiWATPNlKTcRaPRHPJwIRoPBAp5g==}

  motion-dom@14.0.0:
    resolution: {integrity: sha512-aU3ApXo1yTpeUi3JU+jbDk2TELjxPE3MbBMUP7nZHlARb6RweJK+ojmLjpuB0YsY6zhbBl1YWGo8LMsI1/Llqw==}

  motion-utils@14.0.0:
    resolution: {integrity: sha512-jBsyjVxTTRZNeuvd/v+btVXr90LQkYl4HhRu9T2ARc+PMnvkmjsjRVeAg4Qm10b6TlTw+kykWI8gu/6LuvpLSQ==}

  motion@14.0.0:
    resolution: {integrity: sha512-oGc2lkge2lkRZCP+J8/JsnYu4NFjqP1MtXirNdetn3QbvK2JqwM9A200EdT4C598KfzDhjLT12zF21xDM4Oilw==}
    peerDependencies:
      react: ^18.0.0 || ^19.0.0
      react-dom: ^18.0.0 || ^19.0.0
    peerDependenciesMeta:
      react:
        optional: true
      react-dom:
        optional: true

  ogl@1.0.11:
    resolution: {integrity: sha512-kUpC154AFfxi16pmZUK4jk3J+8zxwTWGPo03EoYA8QPbzikHoaC82n6pNTbd+oEaJonaE8aPWBlX7ad9zrqLsA==}

  opentype.js@2.0.0:
    resolution: {integrity: sha512-kCyjv6xdDY1W/jLWZ/L3QhhTlKUqDZMQ5+Jdlw12b3dXkKNpYBqqlMMj0YDQPShWFTMwgZI1hG14kN3XUDSg/A==}
    hasBin: true

  pdfjs-dist@5.4.530:
    resolution: {integrity: sha512-r1hWsSIGGmyYUAHR26zSXkxYWLXLMd6AwqcaFYG9YUZ0GBf5GvcjJSeo512tabM4GYFhxhl5pMCmPr7Q72Rq2Q==}
    engines: {node: '>=20.16.0 || >=22.3.0'}

  playwright-core@1.63.0:
    resolution: {integrity: sha512-rYCsBF/M5HjUch52bbtVONEFjv6Xu8sm8h72dNlR5bzIE1fvC/bxgspzkjSfU+MweEMmPM8KJebG6nnyxo5mCg==}
    engines: {node: '>=20'}
    hasBin: true

  playwright@1.63.0:
    resolution: {integrity: sha512-+7ziBLidS4NaNCdt57SUDT+wYmmd5fmiQejUic/kb+YsYSCPyOOE9sebzMjNmQrsnNpDJqd4WHvV/8lfKfUDUg==}
    engines: {node: '>=20'}
    hasBin: true

  three@0.186.0:
    resolution: {integrity: sha512-cr/fIM2ddMSVbYVgkfD4jLJv7Fh/8ZTjvo+7gQeSVGUZHxpx9FDwoL5iC7hUz/LiRA8wMbqfnb90xKfm1/HHkQ==}

  tslib@2.8.1:
    resolution: {integrity: sha512-oJFu94HQb+KVduSUQL7wnpmqnfmLsOA/nAh6b6EH0wCEoK0/mPeXU6c3wKDV83MkOuHPRHtSXKKU99IBazS/2w==}

  typescript@5.9.3:
    resolution: {integrity: sha512-jl1vZzPDinLr9eUt3J/t7V6FgNEw9QjvBPdysz9KfQDD41fQrC2Y4vKQdiaUpFT4bXlb1RHhLpp8wtm6M5TgSw==}
    engines: {node: '>=14.17'}
    hasBin: true

  undici-types@6.21.0:
    resolution: {integrity: sha512-iwDZqg0QAGrg9Rav5H4n0M64c3mkR59cJ6wQp+7C4nI0gsmExaedaYLNO44eT4AtBBwjbTiGPMlt2Md0T9H9JQ==}

snapshots:

  '@dimforge/rapier3d-compat@0.12.0': {}

  '@napi-rs/canvas-android-arm64@0.1.100':
    optional: true

  '@napi-rs/canvas-darwin-arm64@0.1.100':
    optional: true

  '@napi-rs/canvas-darwin-x64@0.1.100':
    optional: true

  '@napi-rs/canvas-linux-arm-gnueabihf@0.1.100':
    optional: true

  '@napi-rs/canvas-linux-arm64-gnu@0.1.100':
    optional: true

  '@napi-rs/canvas-linux-arm64-musl@0.1.100':
    optional: true

  '@napi-rs/canvas-linux-riscv64-gnu@0.1.100':
    optional: true

  '@napi-rs/canvas-linux-x64-gnu@0.1.100':
    optional: true

  '@napi-rs/canvas-linux-x64-musl@0.1.100':
    optional: true

  '@napi-rs/canvas-win32-arm64-msvc@0.1.100':
    optional: true

  '@napi-rs/canvas-win32-x64-msvc@0.1.100':
    optional: true

  '@napi-rs/canvas@0.1.100':
    optionalDependencies:
      '@napi-rs/canvas-android-arm64': 0.1.100
      '@napi-rs/canvas-darwin-arm64': 0.1.100
      '@napi-rs/canvas-darwin-x64': 0.1.100
      '@napi-rs/canvas-linux-arm-gnueabihf': 0.1.100
      '@napi-rs/canvas-linux-arm64-gnu': 0.1.100
      '@napi-rs/canvas-linux-arm64-musl': 0.1.100
      '@napi-rs/canvas-linux-riscv64-gnu': 0.1.100
      '@napi-rs/canvas-linux-x64-gnu': 0.1.100
      '@napi-rs/canvas-linux-x64-musl': 0.1.100
      '@napi-rs/canvas-win32-arm64-msvc': 0.1.100
      '@napi-rs/canvas-win32-x64-msvc': 0.1.100
    optional: true

  '@playwright/test@1.63.0':
    dependencies:
      playwright: 1.63.0

  '@theatre/core@0.7.2':
    dependencies:
      '@theatre/dataverse': 0.7.2

  '@theatre/dataverse@0.7.2':
    dependencies:
      lodash-es: 4.18.1

  '@tweenjs/tween.js@23.1.3': {}

  '@types/node@22.20.5':
    dependencies:
      undici-types: 6.21.0

  '@types/stats.js@0.17.4': {}

  '@types/three@0.186.0':
    dependencies:
      '@dimforge/rapier3d-compat': 0.12.0
      '@tweenjs/tween.js': 23.1.3
      '@types/stats.js': 0.17.4
      '@types/webxr': 0.5.24
      fflate: 0.8.3
      meshoptimizer: 1.1.1

  '@types/webxr@0.5.24': {}

  animejs@4.5.0(@types/three@0.186.0)(three@0.186.0):
    optionalDependencies:
      '@types/three': 0.186.0
      three: 0.186.0

  fflate@0.8.3: {}

  framer-motion@14.0.0:
    dependencies:
      motion-dom: 14.0.0
      motion-utils: 14.0.0
      tslib: 2.8.1

  gsap@3.15.0: {}

  lenis@1.3.26: {}

  lodash-es@4.18.1: {}

  meshoptimizer@1.1.1: {}

  motion-dom@14.0.0:
    dependencies:
      motion-utils: 14.0.0

  motion-utils@14.0.0: {}

  motion@14.0.0:
    dependencies:
      framer-motion: 14.0.0
      tslib: 2.8.1

  ogl@1.0.11: {}

  opentype.js@2.0.0: {}

  pdfjs-dist@5.4.530:
    optionalDependencies:
      '@napi-rs/canvas': 0.1.100

  playwright-core@1.63.0: {}

  playwright@1.63.0:
    dependencies:
      playwright-core: 1.63.0

  three@0.186.0: {}

  tslib@2.8.1: {}

  typescript@5.9.3: {}

  undici-types@6.21.0: {}
